schema: '2.0'
stages:
  data_ingestion:
    cmd: python src/cnnClassifier/pipeline/stage_01_data_ingestion.py
    deps:
    - path: config/config.yaml
      hash: md5
      md5: 1dbd8d74efe6c73ce38912bb1bcb79b8
      size: 578
    - path: src/cnnClassifier/pipeline/stage_01_data_ingestion.py
      hash: md5
      md5: 244f6efa5723f644a98fc459860080ff
      size: 920
    outs:
    - path: artifacts/data_ingestion/kidney-ct-scan-images
      hash: md5
      md5: e6fc4a4d886ed6ec6df41872206b58b1.dir
      size: 654082921
      nfiles: 5038
  prepare_base_model:
    cmd: python src/cnnClassifier/pipeline/stage_02_prepare_base_model.py
    deps:
    - path: config/config.yaml
      hash: md5
      md5: 1dbd8d74efe6c73ce38912bb1bcb79b8
      size: 578
    - path: src/cnnClassifier/pipeline/stage_02_prepare_base_model.py
      hash: md5
      md5: ac2c76996f9a40581f0cde3f5b9e121e
      size: 1013
    params:
      params.yaml:
        CLASSES: 2
        IMAGE_SIZE:
        - 224
        - 224
        - 3
        INCLUDE_TOP: false
        LEARNING_RATE: 0.01
        WEIGHTS: imagenet
    outs:
    - path: artifacts/prepare_base_model
      hash: md5
      md5: 81aff7c4d572c41689f386b275103940.dir
      size: 118054560
      nfiles: 2
  training:
    cmd: python src/cnnClassifier/pipeline/stage_03_model_training.py
    deps:
    - path: artifacts/data_ingestion/kidney-ct-scan-images
      hash: md5
      md5: e6fc4a4d886ed6ec6df41872206b58b1.dir
      size: 654082921
      nfiles: 5038
    - path: artifacts/prepare_base_model
      hash: md5
      md5: 81aff7c4d572c41689f386b275103940.dir
      size: 118054560
      nfiles: 2
    - path: config/config.yaml
      hash: md5
      md5: 1dbd8d74efe6c73ce38912bb1bcb79b8
      size: 578
    - path: src/cnnClassifier/pipeline/stage_03_model_training.py
      hash: md5
      md5: 46d2283265000005637d54bec1d53948
      size: 939
    params:
      params.yaml:
        AUGMENTATION: true
        BATCH_SIZE: 16
        EPOCHS: 1
        IMAGE_SIZE:
        - 224
        - 224
        - 3
    outs:
    - path: artifacts/training/model.h5
      hash: md5
      md5: ea0e93cad0acf88c57a2f0947a328e9a
      size: 59337520
  evaluation:
    cmd: python src/cnnClassifier/pipeline/stage_04_model_evaluation.py
    deps:
    - path: artifacts/data_ingestion/kidney-ct-scan-images
      hash: md5
      md5: e6fc4a4d886ed6ec6df41872206b58b1.dir
      size: 654082921
      nfiles: 5038
    - path: artifacts/training/model.h5
      hash: md5
      md5: ea0e93cad0acf88c57a2f0947a328e9a
      size: 59337520
    - path: config/config.yaml
      hash: md5
      md5: 1dbd8d74efe6c73ce38912bb1bcb79b8
      size: 578
    - path: src/cnnClassifier/pipeline/stage_04_model_evaluation.py
      hash: md5
      md5: 90718a93dac6371f2ee459e33d4e8025
      size: 894
    params:
      params.yaml:
        BATCH_SIZE: 16
        IMAGE_SIZE:
        - 224
        - 224
        - 3
    outs:
    - path: scores.json
      hash: md5
      md5: d365a68ec6647097311d028e66bd2697
      size: 73
